{
  "name": "zyplayer",
  "version": "1.0.0",
  "lockfileVersion": 1,
  "requires": true,
  "dependencies": {
    "axios": {
      "version": "0.21.0",
      "resolved": "https://registry.npm.taobao.org/axios/download/axios-0.21.0.tgz",
      "integrity": "sha1-Jt8IiAOiNQ3/LCf5b++Z/klEKso=",
      "requires": {
        "follow-redirects": "^1.10.0"
      }
    },
    "fast-xml-parser": {
      "version": "3.17.4",
      "resolved": "https://registry.npm.taobao.org/fast-xml-parser/download/fast-xml-parser-3.17.4.tgz",
      "integrity": "sha1-1mhJX7Pku895cPPCSsABnYLnZHc="
    },
    "follow-redirects": {
      "version": "1.13.0",
      "resolved": "https://registry.npm.taobao.org/follow-redirects/download/follow-redirects-1.13.0.tgz?cache=0&sync_timestamp=1597057976909&other_urls=https%3A%2F%2Fregistry.npm.taobao.org%2Ffollow-redirects%2Fdownload%2Ffollow-redirects-1.13.0.tgz",
      "integrity": "sha1-tC6Nk6Kn7qXtiGM2dtZZe8jjhNs="
    },
    "uview-ui": {
      "version": "1.8.1",
      "resolved": "https://registry.npm.taobao.org/uview-ui/download/uview-ui-1.8.1.tgz",
      "integrity": "sha1-HVeMmx2fVsTdtIXFgP4669pFTyQ="
    }
  }
}
