{
  "name": "zyplayer",
  "version": "1.0.0",
  "lockfileVersion": 1,
  "requires": true,
  "dependencies": {
    "fast-xml-parser": {
      "version": "3.17.4",
      "resolved": "https://registry.npm.taobao.org/fast-xml-parser/download/fast-xml-parser-3.17.4.tgz",
      "integrity": "sha1-1mhJX7Pku895cPPCSsABnYLnZHc="
    },
    "uni-ajax": {
      "version": "2.1.8",
      "resolved": "https://registry.npm.taobao.org/uni-ajax/download/uni-ajax-2.1.8.tgz",
      "integrity": "sha1-ET3m18wWJUb4kEZweeE+HVxh6CE="
    },
    "uview-ui": {
      "version": "1.8.1",
      "resolved": "https://registry.npm.taobao.org/uview-ui/download/uview-ui-1.8.1.tgz",
      "integrity": "sha1-HVeMmx2fVsTdtIXFgP4669pFTyQ="
    }
  }
}
