# THIS IS AN AUTOGENERATED FILE. DO NOT EDIT THIS FILE DIRECTLY.
# yarn lockfile v1


fast-xml-parser@^3.17.4:
  version "3.17.4"
  resolved "https://registry.npm.taobao.org/fast-xml-parser/download/fast-xml-parser-3.17.4.tgz#d668495fb3e4bbcf7970f3c24ac0019d82e76477"
  integrity sha1-1mhJX7Pku895cPPCSsABnYLnZHc=

uni-ajax@^2.1.8:
  version "2.1.8"
  resolved "https://registry.npm.taobao.org/uni-ajax/download/uni-ajax-2.1.8.tgz#113de6d7cc162546f890467079e13e1d5c61e821"
  integrity sha1-ET3m18wWJUb4kEZweeE+HVxh6CE=

uview-ui@^1.8.1:
  version "1.8.2"
  resolved "https://registry.npm.taobao.org/uview-ui/download/uview-ui-1.8.2.tgz#701fa30be0704afff30cd048342db796004a7dc9"
  integrity sha1-cB+jC+BwSv/zDNBINC23lgBKfck=
